
Microsoft Visual Studio Solution File, Format Version 12.00
# Visual Studio 15
Project("{FAE04EC0-301F-11D3-BF4B-00C04F79EFBC}") = "Zenject", "Zenject.csproj", "{238F501D-FC4F-80E2-F55F-43C18C85B548}"
EndProject
Project("{FAE04EC0-301F-11D3-BF4B-00C04F79EFBC}") = "Assembly-CSharp", "Assembly-CSharp.csproj", "{822D8059-8F9C-0F1C-55A0-9EF4E6F6935B}"
EndProject
Project("{FAE04EC0-301F-11D3-BF4B-00C04F79EFBC}") = "Zenject-PoolMonitor-Editor", "Zenject-PoolMonitor-Editor.csproj", "{C107422F-6738-B1F2-A463-6C4266BA756B}"
EndProject
Project("{FAE04EC0-301F-11D3-BF4B-00C04F79EFBC}") = "Zenject-ReflectionBaking-Editor", "Zenject-ReflectionBaking-Editor.csproj", "{C56A9C0D-F5DB-2C9B-BB46-29D292C6E6E5}"
EndProject
Project("{FAE04EC0-301F-11D3-BF4B-00C04F79EFBC}") = "Zenject-Editor", "Zenject-Editor.csproj", "{B3EC280D-50CC-99AF-FCEF-795DD450FCDD}"
EndProject
Project("{FAE04EC0-301F-11D3-BF4B-00C04F79EFBC}") = "Zenject-TestFramework", "Zenject-TestFramework.csproj", "{9443EAB1-5439-180D-D76F-C1310F5C10C5}"
EndProject
Project("{FAE04EC0-301F-11D3-BF4B-00C04F79EFBC}") = "Assembly-CSharp-Editor", "Assembly-CSharp-Editor.csproj", "{E59279A5-B3E7-59C9-37DD-3AA4937FB029}"
EndProject
Global
	GlobalSection(SolutionConfigurationPlatforms) = preSolution
		Debug|Any CPU = Debug|Any CPU
		Release|Any CPU = Release|Any CPU
	EndGlobalSection
	GlobalSection(ProjectConfigurationPlatforms) = postSolution
		{238F501D-FC4F-80E2-F55F-43C18C85B548}.Debug|Any CPU.ActiveCfg = Debug|Any CPU
		{238F501D-FC4F-80E2-F55F-43C18C85B548}.Debug|Any CPU.Build.0 = Debug|Any CPU
		{238F501D-FC4F-80E2-F55F-43C18C85B548}.Release|Any CPU.ActiveCfg = Release|Any CPU
		{238F501D-FC4F-80E2-F55F-43C18C85B548}.Release|Any CPU.Build.0 = Release|Any CPU
		{822D8059-8F9C-0F1C-55A0-9EF4E6F6935B}.Debug|Any CPU.ActiveCfg = Debug|Any CPU
		{822D8059-8F9C-0F1C-55A0-9EF4E6F6935B}.Debug|Any CPU.Build.0 = Debug|Any CPU
		{822D8059-8F9C-0F1C-55A0-9EF4E6F6935B}.Release|Any CPU.ActiveCfg = Release|Any CPU
		{822D8059-8F9C-0F1C-55A0-9EF4E6F6935B}.Release|Any CPU.Build.0 = Release|Any CPU
		{C107422F-6738-B1F2-A463-6C4266BA756B}.Debug|Any CPU.ActiveCfg = Debug|Any CPU
		{C107422F-6738-B1F2-A463-6C4266BA756B}.Debug|Any CPU.Build.0 = Debug|Any CPU
		{C107422F-6738-B1F2-A463-6C4266BA756B}.Release|Any CPU.ActiveCfg = Release|Any CPU
		{C107422F-6738-B1F2-A463-6C4266BA756B}.Release|Any CPU.Build.0 = Release|Any CPU
		{C56A9C0D-F5DB-2C9B-BB46-29D292C6E6E5}.Debug|Any CPU.ActiveCfg = Debug|Any CPU
		{C56A9C0D-F5DB-2C9B-BB46-29D292C6E6E5}.Debug|Any CPU.Build.0 = Debug|Any CPU
		{C56A9C0D-F5DB-2C9B-BB46-29D292C6E6E5}.Release|Any CPU.ActiveCfg = Release|Any CPU
		{C56A9C0D-F5DB-2C9B-BB46-29D292C6E6E5}.Release|Any CPU.Build.0 = Release|Any CPU
		{B3EC280D-50CC-99AF-FCEF-795DD450FCDD}.Debug|Any CPU.ActiveCfg = Debug|Any CPU
		{B3EC280D-50CC-99AF-FCEF-795DD450FCDD}.Debug|Any CPU.Build.0 = Debug|Any CPU
		{B3EC280D-50CC-99AF-FCEF-795DD450FCDD}.Release|Any CPU.ActiveCfg = Release|Any CPU
		{B3EC280D-50CC-99AF-FCEF-795DD450FCDD}.Release|Any CPU.Build.0 = Release|Any CPU
		{9443EAB1-5439-180D-D76F-C1310F5C10C5}.Debug|Any CPU.ActiveCfg = Debug|Any CPU
		{9443EAB1-5439-180D-D76F-C1310F5C10C5}.Debug|Any CPU.Build.0 = Debug|Any CPU
		{9443EAB1-5439-180D-D76F-C1310F5C10C5}.Release|Any CPU.ActiveCfg = Release|Any CPU
		{9443EAB1-5439-180D-D76F-C1310F5C10C5}.Release|Any CPU.Build.0 = Release|Any CPU
		{E59279A5-B3E7-59C9-37DD-3AA4937FB029}.Debug|Any CPU.ActiveCfg = Debug|Any CPU
		{E59279A5-B3E7-59C9-37DD-3AA4937FB029}.Debug|Any CPU.Build.0 = Debug|Any CPU
		{E59279A5-B3E7-59C9-37DD-3AA4937FB029}.Release|Any CPU.ActiveCfg = Release|Any CPU
		{E59279A5-B3E7-59C9-37DD-3AA4937FB029}.Release|Any CPU.Build.0 = Release|Any CPU
	EndGlobalSection
	GlobalSection(SolutionProperties) = preSolution
		HideSolutionNode = FALSE
	EndGlobalSection
EndGlobal
